
Microsoft Visual Studio Solution File, Format Version 12.00
# Visual Studio Version 16
VisualStudioVersion = 16.0.29728.190
MinimumVisualStudioVersion = 10.0.40219.1
Project("{FAE04EC0-301F-11D3-BF4B-00C04F79EFBC}") = "Stopwatch", "Stopwatch.csproj", "{D1C7C410-0FC5-4B82-8D10-999F71B9C122}"
EndProject
Project("{FAE04EC0-301F-11D3-BF4B-00C04F79EFBC}") = "StopwatchTests", "StopwatchTests\StopwatchTests.csproj", "{47A26435-CCA7-4B58-8700-03B8B2A3B927}"
EndProject
Global
	GlobalSection(SolutionConfigurationPlatforms) = preSolution
		Debug|Any CPU = Debug|Any CPU
		Release|Any CPU = Release|Any CPU
	EndGlobalSection
	GlobalSection(ProjectConfigurationPlatforms) = postSolution
		{D1C7C410-0FC5-4B82-8D10-999F71B9C122}.Debug|Any CPU.ActiveCfg = Debug|Any CPU
		{D1C7C410-0FC5-4B82-8D10-999F71B9C122}.Debug|Any CPU.Build.0 = Debug|Any CPU
		{D1C7C410-0FC5-4B82-8D10-999F71B9C122}.Release|Any CPU.ActiveCfg = Release|Any CPU
		{D1C7C410-0FC5-4B82-8D10-999F71B9C122}.Release|Any CPU.Build.0 = Release|Any CPU
		{47A26435-CCA7-4B58-8700-03B8B2A3B927}.Debug|Any CPU.ActiveCfg = Debug|Any CPU
		{47A26435-CCA7-4B58-8700-03B8B2A3B927}.Debug|Any CPU.Build.0 = Debug|Any CPU
		{47A26435-CCA7-4B58-8700-03B8B2A3B927}.Release|Any CPU.ActiveCfg = Release|Any CPU
		{47A26435-CCA7-4B58-8700-03B8B2A3B927}.Release|Any CPU.Build.0 = Release|Any CPU
	EndGlobalSection
	GlobalSection(SolutionProperties) = preSolution
		HideSolutionNode = FALSE
	EndGlobalSection
	GlobalSection(ExtensibilityGlobals) = postSolution
		SolutionGuid = {C7D9F167-C642-4317-A9DF-2B8FB5A86A74}
	EndGlobalSection
EndGlobal
